{
  "lockfile-version": 1,
  "manifest": {
    "version": 1,
    "install": {
      "nodejs": {
        "pkg-path": "nodejs"
      },
      "yarn": {
        "pkg-path": "yarn-berry",
        "version": "4.9.1"
      }
    },
    "hook": {
      "on-activate": "  # Autogenerated by Flox\n\n  # Install nodejs dependencies\n  yarn\n\n  # End autogenerated by Flox\n"
    },
    "profile": {},
    "options": {
      "systems": [
        "aarch64-darwin",
        "x86_64-linux"
      ]
    }
  },
  "packages": [
    {
      "attr_path": "nodejs",
      "broken": false,
      "derivation": "/nix/store/5cwk9l1iwpwcisih5ll7mc2i6w42y05m-nodejs-22.14.0.drv",
      "description": "Event-driven I/O framework for the V8 JavaScript engine",
      "install_id": "nodejs",
      "license": "MIT",
      "locked_url": "https://github.com/flox/nixpkgs?rev=f771eb401a46846c1aebd20552521b233dd7e18b",
      "name": "nodejs-22.14.0",
      "pname": "nodejs",
      "rev": "f771eb401a46846c1aebd20552521b233dd7e18b",
      "rev_count": 789333,
      "rev_date": "2025-04-24T20:20:57Z",
      "scrape_date": "2025-04-27T04:18:45.052339Z",
      "stabilities": [
        "unstable"
      ],
      "unfree": false,
      "version": "22.14.0",
      "outputs_to_install": [
        "out"
      ],
      "outputs": {
        "dev": "/nix/store/zbr4fi11j897pa9jikqpviz57kagvizv-nodejs-22.14.0-dev",
        "libv8": "/nix/store/9rp5sb2nb5549qqax4v6ly4glixjm6d5-nodejs-22.14.0-libv8",
        "out": "/nix/store/2ribxb3gi87gj4331m6k0ydn0z90zfi7-nodejs-22.14.0"
      },
      "system": "aarch64-darwin",
      "group": "toplevel",
      "priority": 5
    },
    {
      "attr_path": "nodejs",
      "broken": false,
      "derivation": "/nix/store/lvmx1yi282jmc8y01zz05vac8h554h34-nodejs-22.14.0.drv",
      "description": "Event-driven I/O framework for the V8 JavaScript engine",
      "install_id": "nodejs",
      "license": "MIT",
      "locked_url": "https://github.com/flox/nixpkgs?rev=f771eb401a46846c1aebd20552521b233dd7e18b",
      "name": "nodejs-22.14.0",
      "pname": "nodejs",
      "rev": "f771eb401a46846c1aebd20552521b233dd7e18b",
      "rev_count": 789333,
      "rev_date": "2025-04-24T20:20:57Z",
      "scrape_date": "2025-04-27T05:14:29.346586Z",
      "stabilities": [
        "unstable"
      ],
      "unfree": false,
      "version": "22.14.0",
      "outputs_to_install": [
        "out"
      ],
      "outputs": {
        "dev": "/nix/store/pyhz87g4xnb88rh372p7xxls49hivh57-nodejs-22.14.0-dev",
        "libv8": "/nix/store/ac2187x84ggp1vpxnw4y81xy3caqz77s-nodejs-22.14.0-libv8",
        "out": "/nix/store/5z0wi8qwah6y9cv3na0fgjzbk9ihh1pz-nodejs-22.14.0"
      },
      "system": "x86_64-linux",
      "group": "toplevel",
      "priority": 5
    },
    {
      "attr_path": "yarn-berry",
      "broken": false,
      "derivation": "/nix/store/8h1m6v8w381y6g365jbw1jd3ld5x1532-yarn-berry-4.9.1.drv",
      "description": "Fast, reliable, and secure dependency management",
      "install_id": "yarn",
      "license": "BSD-2-Clause",
      "locked_url": "https://github.com/flox/nixpkgs?rev=f771eb401a46846c1aebd20552521b233dd7e18b",
      "name": "yarn-berry-4.9.1",
      "pname": "yarn-berry",
      "rev": "f771eb401a46846c1aebd20552521b233dd7e18b",
      "rev_count": 789333,
      "rev_date": "2025-04-24T20:20:57Z",
      "scrape_date": "2025-04-27T04:19:44.738750Z",
      "stabilities": [
        "unstable"
      ],
      "unfree": false,
      "version": "4.9.1",
      "outputs_to_install": [
        "out"
      ],
      "outputs": {
        "out": "/nix/store/y39hy99i2h4iqvm2r6p9m1aw2jxi32sw-yarn-berry-4.9.1"
      },
      "system": "aarch64-darwin",
      "group": "toplevel",
      "priority": 5
    },
    {
      "attr_path": "yarn-berry",
      "broken": false,
      "derivation": "/nix/store/7vhp5j4dyby2qwvs3qzc12fvj6mim7yc-yarn-berry-4.9.1.drv",
      "description": "Fast, reliable, and secure dependency management",
      "install_id": "yarn",
      "license": "BSD-2-Clause",
      "locked_url": "https://github.com/flox/nixpkgs?rev=f771eb401a46846c1aebd20552521b233dd7e18b",
      "name": "yarn-berry-4.9.1",
      "pname": "yarn-berry",
      "rev": "f771eb401a46846c1aebd20552521b233dd7e18b",
      "rev_count": 789333,
      "rev_date": "2025-04-24T20:20:57Z",
      "scrape_date": "2025-04-27T05:16:06.402196Z",
      "stabilities": [
        "unstable"
      ],
      "unfree": false,
      "version": "4.9.1",
      "outputs_to_install": [
        "out"
      ],
      "outputs": {
        "out": "/nix/store/gsgwbbrjzmkq2jjvwk3fz00wpy10al7w-yarn-berry-4.9.1"
      },
      "system": "x86_64-linux",
      "group": "toplevel",
      "priority": 5
    }
  ]
}